// !$*UTF8*$!
{
	archiveVersion = 1;
	classes = {
	};
	objectVersion = 50;
	objects = {

/* Begin PBXBuildFile section */
		AF4C439B26D5D9FB0069BDDB /* AppDelegate.swift in Sources */ = {isa = PBXBuildFile; fileRef = AF4C439A26D5D9FB0069BDDB /* AppDelegate.swift */; };
		AF4C439D26D5D9FB0069BDDB /* SceneDelegate.swift in Sources */ = {isa = PBXBuildFile; fileRef = AF4C439C26D5D9FB0069BDDB /* SceneDelegate.swift */; };
		AF4C439F26D5D9FB0069BDDB /* ViewController.swift in Sources */ = {isa = PBXBuildFile; fileRef = AF4C439E26D5D9FB0069BDDB /* ViewController.swift */; };
		AF4C43A226D5D9FB0069BDDB /* Main.storyboard in Resources */ = {isa = PBXBuildFile; fileRef = AF4C43A026D5D9FB0069BDDB /* Main.storyboard */; };
		AF4C43A426D5D9FE0069BDDB /* Assets.xcassets in Resources */ = {isa = PBXBuildFile; fileRef = AF4C43A326D5D9FE0069BDDB /* Assets.xcassets */; };
		AF4C43A726D5D9FE0069BDDB /* LaunchScreen.storyboard in Resources */ = {isa = PBXBuildFile; fileRef = AF4C43A526D5D9FE0069BDDB /* LaunchScreen.storyboard */; };
		AF4C43B226D5D9FE0069BDDB /* Apple_PieTests.swift in Sources */ = {isa = PBXBuildFile; fileRef = AF4C43B126D5D9FE0069BDDB /* Apple_PieTests.swift */; };
		AF4C43BD26D5D9FE0069BDDB /* Apple_PieUITests.swift in Sources */ = {isa = PBXBuildFile; fileRef = AF4C43BC26D5D9FE0069BDDB /* Apple_PieUITests.swift */; };
		AF4C43CB26D5E6640069BDDB /* Game.swift in Sources */ = {isa = PBXBuildFile; fileRef = AF4C43CA26D5E6640069BDDB /* Game.swift */; };
/* End PBXBuildFile section */

/* Begin PBXContainerItemProxy section */
		AF4C43AE26D5D9FE0069BDDB /* PBXContainerItemProxy */ = {
			isa = PBXContainerItemProxy;
			containerPortal = AF4C438F26D5D9FB0069BDDB /* Project object */;
			proxyType = 1;
			remoteGlobalIDString = AF4C439626D5D9FB0069BDDB;
			remoteInfo = "Apple Pie";
		};
		AF4C43B926D5D9FE0069BDDB /* PBXContainerItemProxy */ = {
			isa = PBXContainerItemProxy;
			containerPortal = AF4C438F26D5D9FB0069BDDB /* Project object */;
			proxyType = 1;
			remoteGlobalIDString = AF4C439626D5D9FB0069BDDB;
			remoteInfo = "Apple Pie";
		};
/* End PBXContainerItemProxy section */

/* Begin PBXFileReference section */
		AF4C439726D5D9FB0069BDDB /* Apple Pie.app */ = {isa = PBXFileReference; explicitFileType = wrapper.application; includeInIndex = 0; path = "Apple Pie.app"; sourceTree = BUILT_PRODUCTS_DIR; };
		AF4C439A26D5D9FB0069BDDB /* AppDelegate.swift */ = {isa = PBXFileReference; lastKnownFileType = sourcecode.swift; path = AppDelegate.swift; sourceTree = "<group>"; };
		AF4C439C26D5D9FB0069BDDB /* SceneDelegate.swift */ = {isa = PBXFileReference; lastKnownFileType = sourcecode.swift; path = SceneDelegate.swift; sourceTree = "<group>"; };
		AF4C439E26D5D9FB0069BDDB /* ViewController.swift */ = {isa = PBXFileReference; lastKnownFileType = sourcecode.swift; path = ViewController.swift; sourceTree = "<group>"; };
		AF4C43A126D5D9FB0069BDDB /* Base */ = {isa = PBXFileReference; lastKnownFileType = file.storyboard; name = Base; path = Base.lproj/Main.storyboard; sourceTree = "<group>"; };
		AF4C43A326D5D9FE0069BDDB /* Assets.xcassets */ = {isa = PBXFileReference; lastKnownFileType = folder.assetcatalog; path = Assets.xcassets; sourceTree = "<group>"; };
		AF4C43A626D5D9FE0069BDDB /* Base */ = {isa = PBXFileReference; lastKnownFileType = file.storyboard; name = Base; path = Base.lproj/LaunchScreen.storyboard; sourceTree = "<group>"; };
		AF4C43A826D5D9FE0069BDDB /* Info.plist */ = {isa = PBXFileReference; lastKnownFileType = text.plist.xml; path = Info.plist; sourceTree = "<group>"; };
		AF4C43AD26D5D9FE0069BDDB /* Apple PieTests.xctest */ = {isa = PBXFileReference; explicitFileType = wrapper.cfbundle; includeInIndex = 0; path = "Apple PieTests.xctest"; sourceTree = BUILT_PRODUCTS_DIR; };
		AF4C43B126D5D9FE0069BDDB /* Apple_PieTests.swift */ = {isa = PBXFileReference; lastKnownFileType = sourcecode.swift; path = Apple_PieTests.swift; sourceTree = "<group>"; };
		AF4C43B326D5D9FE0069BDDB /* Info.plist */ = {isa = PBXFileReference; lastKnownFileType = text.plist.xml; path = Info.plist; sourceTree = "<group>"; };
		AF4C43B826D5D9FE0069BDDB /* Apple PieUITests.xctest */ = {isa = PBXFileReference; explicitFileType = wrapper.cfbundle; includeInIndex = 0; path = "Apple PieUITests.xctest"; sourceTree = BUILT_PRODUCTS_DIR; };
		AF4C43BC26D5D9FE0069BDDB /* Apple_PieUITests.swift */ = {isa = PBXFileReference; lastKnownFileType = sourcecode.swift; path = Apple_PieUITests.swift; sourceTree = "<group>"; };
		AF4C43BE26D5D9FE0069BDDB /* Info.plist */ = {isa = PBXFileReference; lastKnownFileType = text.plist.xml; path = Info.plist; sourceTree = "<group>"; };
		AF4C43CA26D5E6640069BDDB /* Game.swift */ = {isa = PBXFileReference; lastKnownFileType = sourcecode.swift; path = Game.swift; sourceTree = "<group>"; };
/* End PBXFileReference section */

/* Begin PBXFrameworksBuildPhase section */
		AF4C439426D5D9FB0069BDDB /* Frameworks */ = {
			isa = PBXFrameworksBuildPhase;
			buildActionMask = 2147483647;
			files = (
			);
			runOnlyForDeploymentPostprocessing = 0;
		};
		AF4C43AA26D5D9FE0069BDDB /* Frameworks */ = {
			isa = PBXFrameworksBuildPhase;
			buildActionMask = 2147483647;
			files = (
			);
			runOnlyForDeploymentPostprocessing = 0;
		};
		AF4C43B526D5D9FE0069BDDB /* Frameworks */ = {
			isa = PBXFrameworksBuildPhase;
			buildActionMask = 2147483647;
			files = (
			);
			runOnlyForDeploymentPostprocessing = 0;
		};
/* End PBXFrameworksBuildPhase section */

/* Begin PBXGroup section */
		AF4C438E26D5D9FB0069BDDB = {
			isa = PBXGroup;
			children = (
				AF4C439926D5D9FB0069BDDB /* Apple Pie */,
				AF4C43B026D5D9FE0069BDDB /* Apple PieTests */,
				AF4C43BB26D5D9FE0069BDDB /* Apple PieUITests */,
				AF4C439826D5D9FB0069BDDB /* Products */,
			);
			sourceTree = "<group>";
		};
		AF4C439826D5D9FB0069BDDB /* Products */ = {
			isa = PBXGroup;
			children = (
				AF4C439726D5D9FB0069BDDB /* Apple Pie.app */,
				AF4C43AD26D5D9FE0069BDDB /* Apple PieTests.xctest */,
				AF4C43B826D5D9FE0069BDDB /* Apple PieUITests.xctest */,
			);
			name = Products;
			sourceTree = "<group>";
		};
		AF4C439926D5D9FB0069BDDB /* Apple Pie */ = {
			isa = PBXGroup;
			children = (
				AF4C439A26D5D9FB0069BDDB /* AppDelegate.swift */,
				AF4C439C26D5D9FB0069BDDB /* SceneDelegate.swift */,
				AF4C439E26D5D9FB0069BDDB /* ViewController.swift */,
				AF4C43CA26D5E6640069BDDB /* Game.swift */,
				AF4C43A026D5D9FB0069BDDB /* Main.storyboard */,
				AF4C43A326D5D9FE0069BDDB /* Assets.xcassets */,
				AF4C43A526D5D9FE0069BDDB /* LaunchScreen.storyboard */,
				AF4C43A826D5D9FE0069BDDB /* Info.plist */,
			);
			path = "Apple Pie";
			sourceTree = "<group>";
		};
		AF4C43B026D5D9FE0069BDDB /* Apple PieTests */ = {
			isa = PBXGroup;
			children = (
				AF4C43B126D5D9FE0069BDDB /* Apple_PieTests.swift */,
				AF4C43B326D5D9FE0069BDDB /* Info.plist */,
			);
			path = "Apple PieTests";
			sourceTree = "<group>";
		};
		AF4C43BB26D5D9FE0069BDDB /* Apple PieUITests */ = {
			isa = PBXGroup;
			children = (
				AF4C43BC26D5D9FE0069BDDB /* Apple_PieUITests.swift */,
				AF4C43BE26D5D9FE0069BDDB /* Info.plist */,
			);
			path = "Apple PieUITests";
			sourceTree = "<group>";
		};
/* End PBXGroup section */

/* Begin PBXNativeTarget section */
		AF4C439626D5D9FB0069BDDB /* Apple Pie */ = {
			isa = PBXNativeTarget;
			buildConfigurationList = AF4C43C126D5D9FE0069BDDB /* Build configuration list for PBXNativeTarget "Apple Pie" */;
			buildPhases = (
				AF4C439326D5D9FB0069BDDB /* Sources */,
				AF4C439426D5D9FB0069BDDB /* Frameworks */,
				AF4C439526D5D9FB0069BDDB /* Resources */,
			);
			buildRules = (
			);
			dependencies = (
			);
			name = "Apple Pie";
			productName = "Apple Pie";
			productReference = AF4C439726D5D9FB0069BDDB /* Apple Pie.app */;
			productType = "com.apple.product-type.application";
		};
		AF4C43AC26D5D9FE0069BDDB /* Apple PieTests */ = {
			isa = PBXNativeTarget;
			buildConfigurationList = AF4C43C426D5D9FE0069BDDB /* Build configuration list for PBXNativeTarget "Apple PieTests" */;
			buildPhases = (
				AF4C43A926D5D9FE0069BDDB /* Sources */,
				AF4C43AA26D5D9FE0069BDDB /* Frameworks */,
				AF4C43AB26D5D9FE0069BDDB /* Resources */,
			);
			buildRules = (
			);
			dependencies = (
				AF4C43AF26D5D9FE0069BDDB /* PBXTargetDependency */,
			);
			name = "Apple PieTests";
			productName = "Apple PieTests";
			productReference = AF4C43AD26D5D9FE0069BDDB /* Apple PieTests.xctest */;
			productType = "com.apple.product-type.bundle.unit-test";
		};
		AF4C43B726D5D9FE0069BDDB /* Apple PieUITests */ = {
			isa = PBXNativeTarget;
			buildConfigurationList = AF4C43C726D5D9FE0069BDDB /* Build configuration list for PBXNativeTarget "Apple PieUITests" */;
			buildPhases = (
				AF4C43B426D5D9FE0069BDDB /* Sources */,
				AF4C43B526D5D9FE0069BDDB /* Frameworks */,
				AF4C43B626D5D9FE0069BDDB /* Resources */,
			);
			buildRules = (
			);
			dependencies = (
				AF4C43BA26D5D9FE0069BDDB /* PBXTargetDependency */,
			);
			name = "Apple PieUITests";
			productName = "Apple PieUITests";
			productReference = AF4C43B826D5D9FE0069BDDB /* Apple PieUITests.xctest */;
			productType = "com.apple.product-type.bundle.ui-testing";
		};
/* End PBXNativeTarget section */

/* Begin PBXProject section */
		AF4C438F26D5D9FB0069BDDB /* Project object */ = {
			isa = PBXProject;
			attributes = {
				LastSwiftUpdateCheck = 1250;
				LastUpgradeCheck = 1250;
				TargetAttributes = {
					AF4C439626D5D9FB0069BDDB = {
						CreatedOnToolsVersion = 12.5.1;
					};
					AF4C43AC26D5D9FE0069BDDB = {
						CreatedOnToolsVersion = 12.5.1;
						TestTargetID = AF4C439626D5D9FB0069BDDB;
					};
					AF4C43B726D5D9FE0069BDDB = {
						CreatedOnToolsVersion = 12.5.1;
						TestTargetID = AF4C439626D5D9FB0069BDDB;
					};
				};
			};
			buildConfigurationList = AF4C439226D5D9FB0069BDDB /* Build configuration list for PBXProject "Apple Pie" */;
			compatibilityVersion = "Xcode 9.3";
			developmentRegion = en;
			hasScannedForEncodings = 0;
			knownRegions = (
				en,
				Base,
			);
			mainGroup = AF4C438E26D5D9FB0069BDDB;
			productRefGroup = AF4C439826D5D9FB0069BDDB /* Products */;
			projectDirPath = "";
			projectRoot = "";
			targets = (
				AF4C439626D5D9FB0069BDDB /* Apple Pie */,
				AF4C43AC26D5D9FE0069BDDB /* Apple PieTests */,
				AF4C43B726D5D9FE0069BDDB /* Apple PieUITests */,
			);
		};
/* End PBXProject section */

/* Begin PBXResourcesBuildPhase section */
		AF4C439526D5D9FB0069BDDB /* Resources */ = {
			isa = PBXResourcesBuildPhase;
			buildActionMask = 2147483647;
			files = (
				AF4C43A726D5D9FE0069BDDB /* LaunchScreen.storyboard in Resources */,
				AF4C43A426D5D9FE0069BDDB /* Assets.xcassets in Resources */,
				AF4C43A226D5D9FB0069BDDB /* Main.storyboard in Resources */,
			);
			runOnlyForDeploymentPostprocessing = 0;
		};
		AF4C43AB26D5D9FE0069BDDB /* Resources */ = {
			isa = PBXResourcesBuildPhase;
			buildActionMask = 2147483647;
			files = (
			);
			runOnlyForDeploymentPostprocessing = 0;
		};
		AF4C43B626D5D9FE0069BDDB /* Resources */ = {
			isa = PBXResourcesBuildPhase;
			buildActionMask = 2147483647;
			files = (
			);
			runOnlyForDeploymentPostprocessing = 0;
		};
/* End PBXResourcesBuildPhase section */

/* Begin PBXSourcesBuildPhase section */
		AF4C439326D5D9FB0069BDDB /* Sources */ = {
			isa = PBXSourcesBuildPhase;
			buildActionMask = 2147483647;
			files = (
				AF4C439F26D5D9FB0069BDDB /* ViewController.swift in Sources */,
				AF4C439B26D5D9FB0069BDDB /* AppDelegate.swift in Sources */,
				AF4C439D26D5D9FB0069BDDB /* SceneDelegate.swift in Sources */,
				AF4C43CB26D5E6640069BDDB /* Game.swift in Sources */,
			);
			runOnlyForDeploymentPostprocessing = 0;
		};
		AF4C43A926D5D9FE0069BDDB /* Sources */ = {
			isa = PBXSourcesBuildPhase;
			buildActionMask = 2147483647;
			files = (
				AF4C43B226D5D9FE0069BDDB /* Apple_PieTests.swift in Sources */,
			);
			runOnlyForDeploymentPostprocessing = 0;
		};
		AF4C43B426D5D9FE0069BDDB /* Sources */ = {
			isa = PBXSourcesBuildPhase;
			buildActionMask = 2147483647;
			files = (
				AF4C43BD26D5D9FE0069BDDB /* Apple_PieUITests.swift in Sources */,
			);
			runOnlyForDeploymentPostprocessing = 0;
		};
/* End PBXSourcesBuildPhase section */

/* Begin PBXTargetDependency section */
		AF4C43AF26D5D9FE0069BDDB /* PBXTargetDependency */ = {
			isa = PBXTargetDependency;
			target = AF4C439626D5D9FB0069BDDB /* Apple Pie */;
			targetProxy = AF4C43AE26D5D9FE0069BDDB /* PBXContainerItemProxy */;
		};
		AF4C43BA26D5D9FE0069BDDB /* PBXTargetDependency */ = {
			isa = PBXTargetDependency;
			target = AF4C439626D5D9FB0069BDDB /* Apple Pie */;
			targetProxy = AF4C43B926D5D9FE0069BDDB /* PBXContainerItemProxy */;
		};
/* End PBXTargetDependency section */

/* Begin PBXVariantGroup section */
		AF4C43A026D5D9FB0069BDDB /* Main.storyboard */ = {
			isa = PBXVariantGroup;
			children = (
				AF4C43A126D5D9FB0069BDDB /* Base */,
			);
			name = Main.storyboard;
			sourceTree = "<group>";
		};
		AF4C43A526D5D9FE0069BDDB /* LaunchScreen.storyboard */ = {
			isa = PBXVariantGroup;
			children = (
				AF4C43A626D5D9FE0069BDDB /* Base */,
			);
			name = LaunchScreen.storyboard;
			sourceTree = "<group>";
		};
/* End PBXVariantGroup section */

/* Begin XCBuildConfiguration section */
		AF4C43BF26D5D9FE0069BDDB /* Debug */ = {
			isa = XCBuildConfiguration;
			buildSettings = {
				ALWAYS_SEARCH_USER_PATHS = NO;
				CLANG_ANALYZER_NONNULL = YES;
				CLANG_ANALYZER_NUMBER_OBJECT_CONVERSION = YES_AGGRESSIVE;
				CLANG_CXX_LANGUAGE_STANDARD = "gnu++14";
				CLANG_CXX_LIBRARY = "libc++";
				CLANG_ENABLE_MODULES = YES;
				CLANG_ENABLE_OBJC_ARC = YES;
				CLANG_ENABLE_OBJC_WEAK = YES;
				CLANG_WARN_BLOCK_CAPTURE_AUTORELEASING = YES;
				CLANG_WARN_BOOL_CONVERSION = YES;
				CLANG_WARN_COMMA = YES;
				CLANG_WARN_CONSTANT_CONVERSION = YES;
				CLANG_WARN_DEPRECATED_OBJC_IMPLEMENTATIONS = YES;
				CLANG_WARN_DIRECT_OBJC_ISA_USAGE = YES_ERROR;
				CLANG_WARN_DOCUMENTATION_COMMENTS = YES;
				CLANG_WARN_EMPTY_BODY = YES;
				CLANG_WARN_ENUM_CONVERSION = YES;
				CLANG_WARN_INFINITE_RECURSION = YES;
				CLANG_WARN_INT_CONVERSION = YES;
				CLANG_WARN_NON_LITERAL_NULL_CONVERSION = YES;
				CLANG_WARN_OBJC_IMPLICIT_RETAIN_SELF = YES;
				CLANG_WARN_OBJC_LITERAL_CONVERSION = YES;
				CLANG_WARN_OBJC_ROOT_CLASS = YES_ERROR;
				CLANG_WARN_QUOTED_INCLUDE_IN_FRAMEWORK_HEADER = YES;
				CLANG_WARN_RANGE_LOOP_ANALYSIS = YES;
				CLANG_WARN_STRICT_PROTOTYPES = YES;
				CLANG_WARN_SUSPICIOUS_MOVE = YES;
				CLANG_WARN_UNGUARDED_AVAILABILITY = YES_AGGRESSIVE;
				CLANG_WARN_UNREACHABLE_CODE = YES;
				CLANG_WARN__DUPLICATE_METHOD_MATCH = YES;
				COPY_PHASE_STRIP = NO;
				DEBUG_INFORMATION_FORMAT = dwarf;
				ENABLE_STRICT_OBJC_MSGSEND = YES;
				ENABLE_TESTABILITY = YES;
				GCC_C_LANGUAGE_STANDARD = gnu11;
				GCC_DYNAMIC_NO_PIC = NO;
				GCC_NO_COMMON_BLOCKS = YES;
				GCC_OPTIMIZATION_LEVEL = 0;
				GCC_PREPROCESSOR_DEFINITIONS = (
					"DEBUG=1",
					"$(inherited)",
				);
				GCC_WARN_64_TO_32_BIT_CONVERSION = YES;
				GCC_WARN_ABOUT_RETURN_TYPE = YES_ERROR;
				GCC_WARN_UNDECLARED_SELECTOR = YES;
				GCC_WARN_UNINITIALIZED_AUTOS = YES_AGGRESSIVE;
				GCC_WARN_UNUSED_FUNCTION = YES;
				GCC_WARN_UNUSED_VARIABLE = YES;
				IPHONEOS_DEPLOYMENT_TARGET = 14.5;
				MTL_ENABLE_DEBUG_INFO = INCLUDE_SOURCE;
				MTL_FAST_MATH = YES;
				ONLY_ACTIVE_ARCH = YES;
				SDKROOT = iphoneos;
				SWIFT_ACTIVE_COMPILATION_CONDITIONS = DEBUG;
				SWIFT_OPTIMIZATION_LEVEL = "-Onone";
			};
			name = Debug;
		};
		AF4C43C026D5D9FE0069BDDB /* Release */ = {
			isa = XCBuildConfiguration;
			buildSettings = {
				ALWAYS_SEARCH_USER_PATHS = NO;
				CLANG_ANALYZER_NONNULL = YES;
				CLANG_ANALYZER_NUMBER_OBJECT_CONVERSION = YES_AGGRESSIVE;
				CLANG_CXX_LANGUAGE_STANDARD = "gnu++14";
				CLANG_CXX_LIBRARY = "libc++";
				CLANG_ENABLE_MODULES = YES;
				CLANG_ENABLE_OBJC_ARC = YES;
				CLANG_ENABLE_OBJC_WEAK = YES;
				CLANG_WARN_BLOCK_CAPTURE_AUTORELEASING = YES;
				CLANG_WARN_BOOL_CONVERSION = YES;
				CLANG_WARN_COMMA = YES;
				CLANG_WARN_CONSTANT_CONVERSION = YES;
				CLANG_WARN_DEPRECATED_OBJC_IMPLEMENTATIONS = YES;
				CLANG_WARN_DIRECT_OBJC_ISA_USAGE = YES_ERROR;
				CLANG_WARN_DOCUMENTATION_COMMENTS = YES;
				CLANG_WARN_EMPTY_BODY = YES;
				CLANG_WARN_ENUM_CONVERSION = YES;
				CLANG_WARN_INFINITE_RECURSION = YES;
				CLANG_WARN_INT_CONVERSION = YES;
				CLANG_WARN_NON_LITERAL_NULL_CONVERSION = YES;
				CLANG_WARN_OBJC_IMPLICIT_RETAIN_SELF = YES;
				CLANG_WARN_OBJC_LITERAL_CONVERSION = YES;
				CLANG_WARN_OBJC_ROOT_CLASS = YES_ERROR;
				CLANG_WARN_QUOTED_INCLUDE_IN_FRAMEWORK_HEADER = YES;
				CLANG_WARN_RANGE_LOOP_ANALYSIS = YES;
				CLANG_WARN_STRICT_PROTOTYPES = YES;
				CLANG_WARN_SUSPICIOUS_MOVE = YES;
				CLANG_WARN_UNGUARDED_AVAILABILITY = YES_AGGRESSIVE;
				CLANG_WARN_UNREACHABLE_CODE = YES;
				CLANG_WARN__DUPLICATE_METHOD_MATCH = YES;
				COPY_PHASE_STRIP = NO;
				DEBUG_INFORMATION_FORMAT = "dwarf-with-dsym";
				ENABLE_NS_ASSERTIONS = NO;
				ENABLE_STRICT_OBJC_MSGSEND = YES;
				GCC_C_LANGUAGE_STANDARD = gnu11;
				GCC_NO_COMMON_BLOCKS = YES;
				GCC_WARN_64_TO_32_BIT_CONVERSION = YES;
				GCC_WARN_ABOUT_RETURN_TYPE = YES_ERROR;
				GCC_WARN_UNDECLARED_SELECTOR = YES;
				GCC_WARN_UNINITIALIZED_AUTOS = YES_AGGRESSIVE;
				GCC_WARN_UNUSED_FUNCTION = YES;
				GCC_WARN_UNUSED_VARIABLE = YES;
				IPHONEOS_DEPLOYMENT_TARGET = 14.5;
				MTL_ENABLE_DEBUG_INFO = NO;
				MTL_FAST_MATH = YES;
				SDKROOT = iphoneos;
				SWIFT_COMPILATION_MODE = wholemodule;
				SWIFT_OPTIMIZATION_LEVEL = "-O";
				VALIDATE_PRODUCT = YES;
			};
			name = Release;
		};
		AF4C43C226D5D9FE0069BDDB /* Debug */ = {
			isa = XCBuildConfiguration;
			buildSettings = {
				ASSETCATALOG_COMPILER_APPICON_NAME = AppIcon;
				ASSETCATALOG_COMPILER_GLOBAL_ACCENT_COLOR_NAME = AccentColor;
				CODE_SIGN_STYLE = Automatic;
				INFOPLIST_FILE = "Apple Pie/Info.plist";
				LD_RUNPATH_SEARCH_PATHS = (
					"$(inherited)",
					"@executable_path/Frameworks",
				);
				PRODUCT_BUNDLE_IDENTIFIER = "com.pavelarias.Apple-Pie";
				PRODUCT_NAME = "$(TARGET_NAME)";
				SWIFT_VERSION = 5.0;
				TARGETED_DEVICE_FAMILY = 2;
			};
			name = Debug;
		};
		AF4C43C326D5D9FE0069BDDB /* Release */ = {
			isa = XCBuildConfiguration;
			buildSettings = {
				ASSETCATALOG_COMPILER_APPICON_NAME = AppIcon;
				ASSETCATALOG_COMPILER_GLOBAL_ACCENT_COLOR_NAME = AccentColor;
				CODE_SIGN_STYLE = Automatic;
				INFOPLIST_FILE = "Apple Pie/Info.plist";
				LD_RUNPATH_SEARCH_PATHS = (
					"$(inherited)",
					"@executable_path/Frameworks",
				);
				PRODUCT_BUNDLE_IDENTIFIER = "com.pavelarias.Apple-Pie";
				PRODUCT_NAME = "$(TARGET_NAME)";
				SWIFT_VERSION = 5.0;
				TARGETED_DEVICE_FAMILY = 2;
			};
			name = Release;
		};
		AF4C43C526D5D9FE0069BDDB /* Debug */ = {
			isa = XCBuildConfiguration;
			buildSettings = {
				ALWAYS_EMBED_SWIFT_STANDARD_LIBRARIES = YES;
				BUNDLE_LOADER = "$(TEST_HOST)";
				CODE_SIGN_STYLE = Automatic;
				INFOPLIST_FILE = "Apple PieTests/Info.plist";
				IPHONEOS_DEPLOYMENT_TARGET = 14.5;
				LD_RUNPATH_SEARCH_PATHS = (
					"$(inherited)",
					"@executable_path/Frameworks",
					"@loader_path/Frameworks",
				);
				PRODUCT_BUNDLE_IDENTIFIER = "com.pavelarias.Apple-PieTests";
				PRODUCT_NAME = "$(TARGET_NAME)";
				SWIFT_VERSION = 5.0;
				TARGETED_DEVICE_FAMILY = "1,2";
				TEST_HOST = "$(BUILT_PRODUCTS_DIR)/Apple Pie.app/Apple Pie";
			};
			name = Debug;
		};
		AF4C43C626D5D9FE0069BDDB /* Release */ = {
			isa = XCBuildConfiguration;
			buildSettings = {
				ALWAYS_EMBED_SWIFT_STANDARD_LIBRARIES = YES;
				BUNDLE_LOADER = "$(TEST_HOST)";
				CODE_SIGN_STYLE = Automatic;
				INFOPLIST_FILE = "Apple PieTests/Info.plist";
				IPHONEOS_DEPLOYMENT_TARGET = 14.5;
				LD_RUNPATH_SEARCH_PATHS = (
					"$(inherited)",
					"@executable_path/Frameworks",
					"@loader_path/Frameworks",
				);
				PRODUCT_BUNDLE_IDENTIFIER = "com.pavelarias.Apple-PieTests";
				PRODUCT_NAME = "$(TARGET_NAME)";
				SWIFT_VERSION = 5.0;
				TARGETED_DEVICE_FAMILY = "1,2";
				TEST_HOST = "$(BUILT_PRODUCTS_DIR)/Apple Pie.app/Apple Pie";
			};
			name = Release;
		};
		AF4C43C826D5D9FE0069BDDB /* Debug */ = {
			isa = XCBuildConfiguration;
			buildSettings = {
				ALWAYS_EMBED_SWIFT_STANDARD_LIBRARIES = YES;
				CODE_SIGN_STYLE = Automatic;
				INFOPLIST_FILE = "Apple PieUITests/Info.plist";
				LD_RUNPATH_SEARCH_PATHS = (
					"$(inherited)",
					"@executable_path/Frameworks",
					"@loader_path/Frameworks",
				);
				PRODUCT_BUNDLE_IDENTIFIER = "com.pavelarias.Apple-PieUITests";
				PRODUCT_NAME = "$(TARGET_NAME)";
				SWIFT_VERSION = 5.0;
				TARGETED_DEVICE_FAMILY = "1,2";
				TEST_TARGET_NAME = "Apple Pie";
			};
			name = Debug;
		};
		AF4C43C926D5D9FE0069BDDB /* Release */ = {
			isa = XCBuildConfiguration;
			buildSettings = {
				ALWAYS_EMBED_SWIFT_STANDARD_LIBRARIES = YES;
				CODE_SIGN_STYLE = Automatic;
				INFOPLIST_FILE = "Apple PieUITests/Info.plist";
				LD_RUNPATH_SEARCH_PATHS = (
					"$(inherited)",
					"@executable_path/Frameworks",
					"@loader_path/Frameworks",
				);
				PRODUCT_BUNDLE_IDENTIFIER = "com.pavelarias.Apple-PieUITests";
				PRODUCT_NAME = "$(TARGET_NAME)";
				SWIFT_VERSION = 5.0;
				TARGETED_DEVICE_FAMILY = "1,2";
				TEST_TARGET_NAME = "Apple Pie";
			};
			name = Release;
		};
/* End XCBuildConfiguration section */

/* Begin XCConfigurationList section */
		AF4C439226D5D9FB0069BDDB /* Build configuration list for PBXProject "Apple Pie" */ = {
			isa = XCConfigurationList;
			buildConfigurations = (
				AF4C43BF26D5D9FE0069BDDB /* Debug */,
				AF4C43C026D5D9FE0069BDDB /* Release */,
			);
			defaultConfigurationIsVisible = 0;
			defaultConfigurationName = Release;
		};
		AF4C43C126D5D9FE0069BDDB /* Build configuration list for PBXNativeTarget "Apple Pie" */ = {
			isa = XCConfigurationList;
			buildConfigurations = (
				AF4C43C226D5D9FE0069BDDB /* Debug */,
				AF4C43C326D5D9FE0069BDDB /* Release */,
			);
			defaultConfigurationIsVisible = 0;
			defaultConfigurationName = Release;
		};
		AF4C43C426D5D9FE0069BDDB /* Build configuration list for PBXNativeTarget "Apple PieTests" */ = {
			isa = XCConfigurationList;
			buildConfigurations = (
				AF4C43C526D5D9FE0069BDDB /* Debug */,
				AF4C43C626D5D9FE0069BDDB /* Release */,
			);
			defaultConfigurationIsVisible = 0;
			defaultConfigurationName = Release;
		};
		AF4C43C726D5D9FE0069BDDB /* Build configuration list for PBXNativeTarget "Apple PieUITests" */ = {
			isa = XCConfigurationList;
			buildConfigurations = (
				AF4C43C826D5D9FE0069BDDB /* Debug */,
				AF4C43C926D5D9FE0069BDDB /* Release */,
			);
			defaultConfigurationIsVisible = 0;
			defaultConfigurationName = Release;
		};
/* End XCConfigurationList section */
	};
	rootObject = AF4C438F26D5D9FB0069BDDB /* Project object */;
}
